
Microsoft Visual Studio Solution File, Format Version 12.00
# Visual Studio Version 16
VisualStudioVersion = 16.0.31410.357
MinimumVisualStudioVersion = 10.0.40219.1
Project("{FAE04EC0-301F-11D3-BF4B-00C04F79EFBC}") = "PaymentAPI", "PaymentAPI\PaymentAPI.csproj", "{DE022B9B-2680-4348-B8A8-831E67BE8622}"
EndProject
Global
	GlobalSection(SolutionConfigurationPlatforms) = preSolution
		Debug|Any CPU = Debug|Any CPU
		Release|Any CPU = Release|Any CPU
	EndGlobalSection
	GlobalSection(ProjectConfigurationPlatforms) = postSolution
		{DE022B9B-2680-4348-B8A8-831E67BE8622}.Debug|Any CPU.ActiveCfg = Debug|Any CPU
		{DE022B9B-2680-4348-B8A8-831E67BE8622}.Debug|Any CPU.Build.0 = Debug|Any CPU
		{DE022B9B-2680-4348-B8A8-831E67BE8622}.Release|Any CPU.ActiveCfg = Release|Any CPU
		{DE022B9B-2680-4348-B8A8-831E67BE8622}.Release|Any CPU.Build.0 = Release|Any CPU
	EndGlobalSection
	GlobalSection(SolutionProperties) = preSolution
		HideSolutionNode = FALSE
	EndGlobalSection
	GlobalSection(ExtensibilityGlobals) = postSolution
		SolutionGuid = {BD450E73-688F-45CB-96C6-FF42FDC90ADD}
	EndGlobalSection
EndGlobal
